
Microsoft Visual Studio Solution File, Format Version 12.00
# Visual Studio Version 16
VisualStudioVersion = 16.0.31313.79
MinimumVisualStudioVersion = 10.0.40219.1
Project("{FAE04EC0-301F-11D3-BF4B-00C04F79EFBC}") = "ContactsWebAppTestWithSelenium", "ContactsWebAppTestWithSelenium\ContactsWebAppTestWithSelenium.csproj", "{6F773009-B920-4379-BDCF-3C3660CE58DD}"
EndProject
Global
	GlobalSection(SolutionConfigurationPlatforms) = preSolution
		Debug|Any CPU = Debug|Any CPU
		Release|Any CPU = Release|Any CPU
	EndGlobalSection
	GlobalSection(ProjectConfigurationPlatforms) = postSolution
		{6F773009-B920-4379-BDCF-3C3660CE58DD}.Debug|Any CPU.ActiveCfg = Debug|Any CPU
		{6F773009-B920-4379-BDCF-3C3660CE58DD}.Debug|Any CPU.Build.0 = Debug|Any CPU
		{6F773009-B920-4379-BDCF-3C3660CE58DD}.Release|Any CPU.ActiveCfg = Release|Any CPU
		{6F773009-B920-4379-BDCF-3C3660CE58DD}.Release|Any CPU.Build.0 = Release|Any CPU
	EndGlobalSection
	GlobalSection(SolutionProperties) = preSolution
		HideSolutionNode = FALSE
	EndGlobalSection
	GlobalSection(ExtensibilityGlobals) = postSolution
		SolutionGuid = {6F8C3DCB-BF66-4814-A3E6-04167D0E7DB4}
	EndGlobalSection
EndGlobal
